// !$*UTF8*$!
{
	archiveVersion = 1;
	classes = {
	};
	objectVersion = 46;
	objects = {

/* Begin PBXBuildFile section */
		6988DA0C1EB8FAA7003BC633 /* AppDelegate.swift in Sources */ = {isa = PBXBuildFile; fileRef = 6988DA0B1EB8FAA7003BC633 /* AppDelegate.swift */; };
		6988DA0E1EB8FAA7003BC633 /* ViewController.swift in Sources */ = {isa = PBXBuildFile; fileRef = 6988DA0D1EB8FAA7003BC633 /* ViewController.swift */; };
		6988DA111EB8FAA7003BC633 /* Main.storyboard in Resources */ = {isa = PBXBuildFile; fileRef = 6988DA0F1EB8FAA7003BC633 /* Main.storyboard */; };
		6988DA131EB8FAA7003BC633 /* Assets.xcassets in Resources */ = {isa = PBXBuildFile; fileRef = 6988DA121EB8FAA7003BC633 /* Assets.xcassets */; };
		6988DA161EB8FAA7003BC633 /* LaunchScreen.storyboard in Resources */ = {isa = PBXBuildFile; fileRef = 6988DA141EB8FAA7003BC633 /* LaunchScreen.storyboard */; };
		6988DA1E1EB8FAB7003BC633 /* Test.xib in Resources */ = {isa = PBXBuildFile; fileRef = 6988DA1D1EB8FAB7003BC633 /* Test.xib */; };
		6988DA201EB8FADB003BC633 /* Test.swift in Sources */ = {isa = PBXBuildFile; fileRef = 6988DA1F1EB8FADB003BC633 /* Test.swift */; };
/* End PBXBuildFile section */

/* Begin PBXFileReference section */
		6988DA081EB8FAA7003BC633 /* ReusableXib.app */ = {isa = PBXFileReference; explicitFileType = wrapper.application; includeInIndex = 0; path = ReusableXib.app; sourceTree = BUILT_PRODUCTS_DIR; };
		6988DA0B1EB8FAA7003BC633 /* AppDelegate.swift */ = {isa = PBXFileReference; lastKnownFileType = sourcecode.swift; path = AppDelegate.swift; sourceTree = "<group>"; };
		6988DA0D1EB8FAA7003BC633 /* ViewController.swift */ = {isa = PBXFileReference; lastKnownFileType = sourcecode.swift; path = ViewController.swift; sourceTree = "<group>"; };
		6988DA101EB8FAA7003BC633 /* Base */ = {isa = PBXFileReference; lastKnownFileType = file.storyboard; name = Base; path = Base.lproj/Main.storyboard; sourceTree = "<group>"; };
		6988DA121EB8FAA7003BC633 /* Assets.xcassets */ = {isa = PBXFileReference; lastKnownFileType = folder.assetcatalog; path = Assets.xcassets; sourceTree = "<group>"; };
		6988DA151EB8FAA7003BC633 /* Base */ = {isa = PBXFileReference; lastKnownFileType = file.storyboard; name = Base; path = Base.lproj/LaunchScreen.storyboard; sourceTree = "<group>"; };
		6988DA171EB8FAA7003BC633 /* Info.plist */ = {isa = PBXFileReference; lastKnownFileType = text.plist.xml; path = Info.plist; sourceTree = "<group>"; };
		6988DA1D1EB8FAB7003BC633 /* Test.xib */ = {isa = PBXFileReference; fileEncoding = 4; lastKnownFileType = file.xib; path = Test.xib; sourceTree = "<group>"; };
		6988DA1F1EB8FADB003BC633 /* Test.swift */ = {isa = PBXFileReference; fileEncoding = 4; lastKnownFileType = sourcecode.swift; path = Test.swift; sourceTree = "<group>"; };
/* End PBXFileReference section */

/* Begin PBXFrameworksBuildPhase section */
		6988DA051EB8FAA7003BC633 /* Frameworks */ = {
			isa = PBXFrameworksBuildPhase;
			buildActionMask = 2147483647;
			files = (
			);
			runOnlyForDeploymentPostprocessing = 0;
		};
/* End PBXFrameworksBuildPhase section */

/* Begin PBXGroup section */
		6988D9FF1EB8FAA7003BC633 = {
			isa = PBXGroup;
			children = (
				6988DA0A1EB8FAA7003BC633 /* ReusableXib */,
				6988DA091EB8FAA7003BC633 /* Products */,
			);
			sourceTree = "<group>";
		};
		6988DA091EB8FAA7003BC633 /* Products */ = {
			isa = PBXGroup;
			children = (
				6988DA081EB8FAA7003BC633 /* ReusableXib.app */,
			);
			name = Products;
			sourceTree = "<group>";
		};
		6988DA0A1EB8FAA7003BC633 /* ReusableXib */ = {
			isa = PBXGroup;
			children = (
				6988DA0B1EB8FAA7003BC633 /* AppDelegate.swift */,
				6988DA0D1EB8FAA7003BC633 /* ViewController.swift */,
				6988DA0F1EB8FAA7003BC633 /* Main.storyboard */,
				6988DA121EB8FAA7003BC633 /* Assets.xcassets */,
				6988DA141EB8FAA7003BC633 /* LaunchScreen.storyboard */,
				6988DA171EB8FAA7003BC633 /* Info.plist */,
				6988DA1D1EB8FAB7003BC633 /* Test.xib */,
				6988DA1F1EB8FADB003BC633 /* Test.swift */,
			);
			path = ReusableXib;
			sourceTree = "<group>";
		};
/* End PBXGroup section */

/* Begin PBXNativeTarget section */
		6988DA071EB8FAA7003BC633 /* ReusableXib */ = {
			isa = PBXNativeTarget;
			buildConfigurationList = 6988DA1A1EB8FAA7003BC633 /* Build configuration list for PBXNativeTarget "ReusableXib" */;
			buildPhases = (
				6988DA041EB8FAA7003BC633 /* Sources */,
				6988DA051EB8FAA7003BC633 /* Frameworks */,
				6988DA061EB8FAA7003BC633 /* Resources */,
			);
			buildRules = (
			);
			dependencies = (
			);
			name = ReusableXib;
			productName = ReusableXib;
			productReference = 6988DA081EB8FAA7003BC633 /* ReusableXib.app */;
			productType = "com.apple.product-type.application";
		};
/* End PBXNativeTarget section */

/* Begin PBXProject section */
		6988DA001EB8FAA7003BC633 /* Project object */ = {
			isa = PBXProject;
			attributes = {
				LastSwiftUpdateCheck = 0830;
				LastUpgradeCheck = 0830;
				ORGANIZATIONNAME = "Luis Henrique Mendonça Grassi";
				TargetAttributes = {
					6988DA071EB8FAA7003BC633 = {
						CreatedOnToolsVersion = 8.3.2;
						ProvisioningStyle = Automatic;
					};
				};
			};
			buildConfigurationList = 6988DA031EB8FAA7003BC633 /* Build configuration list for PBXProject "ReusableXib" */;
			compatibilityVersion = "Xcode 3.2";
			developmentRegion = English;
			hasScannedForEncodings = 0;
			knownRegions = (
				en,
				Base,
			);
			mainGroup = 6988D9FF1EB8FAA7003BC633;
			productRefGroup = 6988DA091EB8FAA7003BC633 /* Products */;
			projectDirPath = "";
			projectRoot = "";
			targets = (
				6988DA071EB8FAA7003BC633 /* ReusableXib */,
			);
		};
/* End PBXProject section */

/* Begin PBXResourcesBuildPhase section */
		6988DA061EB8FAA7003BC633 /* Resources */ = {
			isa = PBXResourcesBuildPhase;
			buildActionMask = 2147483647;
			files = (
				6988DA1E1EB8FAB7003BC633 /* Test.xib in Resources */,
				6988DA161EB8FAA7003BC633 /* LaunchScreen.storyboard in Resources */,
				6988DA131EB8FAA7003BC633 /* Assets.xcassets in Resources */,
				6988DA111EB8FAA7003BC633 /* Main.storyboard in Resources */,
			);
			runOnlyForDeploymentPostprocessing = 0;
		};
/* End PBXResourcesBuildPhase section */

/* Begin PBXSourcesBuildPhase section */
		6988DA041EB8FAA7003BC633 /* Sources */ = {
			isa = PBXSourcesBuildPhase;
			buildActionMask = 2147483647;
			files = (
				6988DA0E1EB8FAA7003BC633 /* ViewController.swift in Sources */,
				6988DA0C1EB8FAA7003BC633 /* AppDelegate.swift in Sources */,
				6988DA201EB8FADB003BC633 /* Test.swift in Sources */,
			);
			runOnlyForDeploymentPostprocessing = 0;
		};
/* End PBXSourcesBuildPhase section */

/* Begin PBXVariantGroup section */
		6988DA0F1EB8FAA7003BC633 /* Main.storyboard */ = {
			isa = PBXVariantGroup;
			children = (
				6988DA101EB8FAA7003BC633 /* Base */,
			);
			name = Main.storyboard;
			sourceTree = "<group>";
		};
		6988DA141EB8FAA7003BC633 /* LaunchScreen.storyboard */ = {
			isa = PBXVariantGroup;
			children = (
				6988DA151EB8FAA7003BC633 /* Base */,
			);
			name = LaunchScreen.storyboard;
			sourceTree = "<group>";
		};
/* End PBXVariantGroup section */

/* Begin XCBuildConfiguration section */
		6988DA181EB8FAA7003BC633 /* Debug */ = {
			isa = XCBuildConfiguration;
			buildSettings = {
				ALWAYS_SEARCH_USER_PATHS = NO;
				CLANG_ANALYZER_NONNULL = YES;
				CLANG_ANALYZER_NUMBER_OBJECT_CONVERSION = YES_AGGRESSIVE;
				CLANG_CXX_LANGUAGE_STANDARD = "gnu++0x";
				CLANG_CXX_LIBRARY = "libc++";
				CLANG_ENABLE_MODULES = YES;
				CLANG_ENABLE_OBJC_ARC = YES;
				CLANG_WARN_BOOL_CONVERSION = YES;
				CLANG_WARN_CONSTANT_CONVERSION = YES;
				CLANG_WARN_DIRECT_OBJC_ISA_USAGE = YES_ERROR;
				CLANG_WARN_DOCUMENTATION_COMMENTS = YES;
				CLANG_WARN_EMPTY_BODY = YES;
				CLANG_WARN_ENUM_CONVERSION = YES;
				CLANG_WARN_INFINITE_RECURSION = YES;
				CLANG_WARN_INT_CONVERSION = YES;
				CLANG_WARN_OBJC_ROOT_CLASS = YES_ERROR;
				CLANG_WARN_SUSPICIOUS_MOVE = YES;
				CLANG_WARN_UNREACHABLE_CODE = YES;
				CLANG_WARN__DUPLICATE_METHOD_MATCH = YES;
				"CODE_SIGN_IDENTITY[sdk=iphoneos*]" = "iPhone Developer";
				COPY_PHASE_STRIP = NO;
				DEBUG_INFORMATION_FORMAT = dwarf;
				ENABLE_STRICT_OBJC_MSGSEND = YES;
				ENABLE_TESTABILITY = YES;
				GCC_C_LANGUAGE_STANDARD = gnu99;
				GCC_DYNAMIC_NO_PIC = NO;
				GCC_NO_COMMON_BLOCKS = YES;
				GCC_OPTIMIZATION_LEVEL = 0;
				GCC_PREPROCESSOR_DEFINITIONS = (
					"DEBUG=1",
					"$(inherited)",
				);
				GCC_WARN_64_TO_32_BIT_CONVERSION = YES;
				GCC_WARN_ABOUT_RETURN_TYPE = YES_ERROR;
				GCC_WARN_UNDECLARED_SELECTOR = YES;
				GCC_WARN_UNINITIALIZED_AUTOS = YES_AGGRESSIVE;
				GCC_WARN_UNUSED_FUNCTION = YES;
				GCC_WARN_UNUSED_VARIABLE = YES;
				IPHONEOS_DEPLOYMENT_TARGET = 10.3;
				MTL_ENABLE_DEBUG_INFO = YES;
				ONLY_ACTIVE_ARCH = YES;
				SDKROOT = iphoneos;
				SWIFT_ACTIVE_COMPILATION_CONDITIONS = DEBUG;
				SWIFT_OPTIMIZATION_LEVEL = "-Onone";
				TARGETED_DEVICE_FAMILY = "1,2";
			};
			name = Debug;
		};
		6988DA191EB8FAA7003BC633 /* Release */ = {
			isa = XCBuildConfiguration;
			buildSettings = {
				ALWAYS_SEARCH_USER_PATHS = NO;
				CLANG_ANALYZER_NONNULL = YES;
				CLANG_ANALYZER_NUMBER_OBJECT_CONVERSION = YES_AGGRESSIVE;
				CLANG_CXX_LANGUAGE_STANDARD = "gnu++0x";
				CLANG_CXX_LIBRARY = "libc++";
				CLANG_ENABLE_MODULES = YES;
				CLANG_ENABLE_OBJC_ARC = YES;
				CLANG_WARN_BOOL_CONVERSION = YES;
				CLANG_WARN_CONSTANT_CONVERSION = YES;
				CLANG_WARN_DIRECT_OBJC_ISA_USAGE = YES_ERROR;
				CLANG_WARN_DOCUMENTATION_COMMENTS = YES;
				CLANG_WARN_EMPTY_BODY = YES;
				CLANG_WARN_ENUM_CONVERSION = YES;
				CLANG_WARN_INFINITE_RECURSION = YES;
				CLANG_WARN_INT_CONVERSION = YES;
				CLANG_WARN_OBJC_ROOT_CLASS = YES_ERROR;
				CLANG_WARN_SUSPICIOUS_MOVE = YES;
				CLANG_WARN_UNREACHABLE_CODE = YES;
				CLANG_WARN__DUPLICATE_METHOD_MATCH = YES;
				"CODE_SIGN_IDENTITY[sdk=iphoneos*]" = "iPhone Developer";
				COPY_PHASE_STRIP = NO;
				DEBUG_INFORMATION_FORMAT = "dwarf-with-dsym";
				ENABLE_NS_ASSERTIONS = NO;
				ENABLE_STRICT_OBJC_MSGSEND = YES;
				GCC_C_LANGUAGE_STANDARD = gnu99;
				GCC_NO_COMMON_BLOCKS = YES;
				GCC_WARN_64_TO_32_BIT_CONVERSION = YES;
				GCC_WARN_ABOUT_RETURN_TYPE = YES_ERROR;
				GCC_WARN_UNDECLARED_SELECTOR = YES;
				GCC_WARN_UNINITIALIZED_AUTOS = YES_AGGRESSIVE;
				GCC_WARN_UNUSED_FUNCTION = YES;
				GCC_WARN_UNUSED_VARIABLE = YES;
				IPHONEOS_DEPLOYMENT_TARGET = 10.3;
				MTL_ENABLE_DEBUG_INFO = NO;
				SDKROOT = iphoneos;
				SWIFT_OPTIMIZATION_LEVEL = "-Owholemodule";
				TARGETED_DEVICE_FAMILY = "1,2";
				VALIDATE_PRODUCT = YES;
			};
			name = Release;
		};
		6988DA1B1EB8FAA7003BC633 /* Debug */ = {
			isa = XCBuildConfiguration;
			buildSettings = {
				ASSETCATALOG_COMPILER_APPICON_NAME = AppIcon;
				INFOPLIST_FILE = ReusableXib/Info.plist;
				LD_RUNPATH_SEARCH_PATHS = "$(inherited) @executable_path/Frameworks";
				PRODUCT_BUNDLE_IDENTIFIER = mvvm.com.br.ReusableXib;
				PRODUCT_NAME = "$(TARGET_NAME)";
				SWIFT_VERSION = 3.0;
			};
			name = Debug;
		};
		6988DA1C1EB8FAA7003BC633 /* Release */ = {
			isa = XCBuildConfiguration;
			buildSettings = {
				ASSETCATALOG_COMPILER_APPICON_NAME = AppIcon;
				INFOPLIST_FILE = ReusableXib/Info.plist;
				LD_RUNPATH_SEARCH_PATHS = "$(inherited) @executable_path/Frameworks";
				PRODUCT_BUNDLE_IDENTIFIER = mvvm.com.br.ReusableXib;
				PRODUCT_NAME = "$(TARGET_NAME)";
				SWIFT_VERSION = 3.0;
			};
			name = Release;
		};
/* End XCBuildConfiguration section */

/* Begin XCConfigurationList section */
		6988DA031EB8FAA7003BC633 /* Build configuration list for PBXProject "ReusableXib" */ = {
			isa = XCConfigurationList;
			buildConfigurations = (
				6988DA181EB8FAA7003BC633 /* Debug */,
				6988DA191EB8FAA7003BC633 /* Release */,
			);
			defaultConfigurationIsVisible = 0;
			defaultConfigurationName = Release;
		};
		6988DA1A1EB8FAA7003BC633 /* Build configuration list for PBXNativeTarget "ReusableXib" */ = {
			isa = XCConfigurationList;
			buildConfigurations = (
				6988DA1B1EB8FAA7003BC633 /* Debug */,
				6988DA1C1EB8FAA7003BC633 /* Release */,
			);
			defaultConfigurationIsVisible = 0;
		};
/* End XCConfigurationList section */
	};
	rootObject = 6988DA001EB8FAA7003BC633 /* Project object */;
}
